
Microsoft Visual Studio Solution File, Format Version 12.00
# Visual Studio Version 17
VisualStudioVersion = 17.0.31912.275
MinimumVisualStudioVersion = 10.0.40219.1
Project("{FAE04EC0-301F-11D3-BF4B-00C04F79EFBC}") = "WebApplication1", "WebApplication1.csproj", "{48FE97EE-C350-43C8-A812-FCCDF6F7E2F0}"
EndProject
Global
	GlobalSection(SolutionConfigurationPlatforms) = preSolution
		Debug|Any CPU = Debug|Any CPU
		Release|Any CPU = Release|Any CPU
	EndGlobalSection
	GlobalSection(ProjectConfigurationPlatforms) = postSolution
		{48FE97EE-C350-43C8-A812-FCCDF6F7E2F0}.Debug|Any CPU.ActiveCfg = Debug|Any CPU
		{48FE97EE-C350-43C8-A812-FCCDF6F7E2F0}.Debug|Any CPU.Build.0 = Debug|Any CPU
		{48FE97EE-C350-43C8-A812-FCCDF6F7E2F0}.Release|Any CPU.ActiveCfg = Release|Any CPU
		{48FE97EE-C350-43C8-A812-FCCDF6F7E2F0}.Release|Any CPU.Build.0 = Release|Any CPU
	EndGlobalSection
	GlobalSection(SolutionProperties) = preSolution
		HideSolutionNode = FALSE
	EndGlobalSection
	GlobalSection(ExtensibilityGlobals) = postSolution
		SolutionGuid = {A0C394AD-A0A0-4869-A48E-5D60C75578CA}
	EndGlobalSection
EndGlobal
